
Microsoft Visual Studio Solution File, Format Version 12.00
# Visual Studio Version 17
VisualStudioVersion = 17.13.35806.99 d17.13
MinimumVisualStudioVersion = 10.0.40219.1
Project("{FAE04EC0-301F-11D3-BF4B-00C04F79EFBC}") = "SimpleWebApi", "SimpleWebApi\SimpleWebApi.csproj", "{A1650084-02A3-4DB6-99F6-2F82766CABAC}"
EndProject
Global
	GlobalSection(SolutionConfigurationPlatforms) = preSolution
		Debug|Any CPU = Debug|Any CPU
		Release|Any CPU = Release|Any CPU
	EndGlobalSection
	GlobalSection(ProjectConfigurationPlatforms) = postSolution
		{A1650084-02A3-4DB6-99F6-2F82766CABAC}.Debug|Any CPU.ActiveCfg = Debug|Any CPU
		{A1650084-02A3-4DB6-99F6-2F82766CABAC}.Debug|Any CPU.Build.0 = Debug|Any CPU
		{A1650084-02A3-4DB6-99F6-2F82766CABAC}.Release|Any CPU.ActiveCfg = Release|Any CPU
		{A1650084-02A3-4DB6-99F6-2F82766CABAC}.Release|Any CPU.Build.0 = Release|Any CPU
	EndGlobalSection
	GlobalSection(SolutionProperties) = preSolution
		HideSolutionNode = FALSE
	EndGlobalSection
	GlobalSection(ExtensibilityGlobals) = postSolution
		SolutionGuid = {CB506B54-ED8C-47ED-822E-47270C48740F}
	EndGlobalSection
EndGlobal
